
Microsoft Visual Studio Solution File, Format Version 12.00
# Visual Studio Version 16
VisualStudioVersion = 16.0.31229.75
MinimumVisualStudioVersion = 10.0.40219.1
Project("{9A19103F-16F7-4668-BE54-9A1E7A4F7556}") = "blazor-dynamic-layoutcss", "Client\blazor-dynamic-layoutcss.csproj", "{2B087F2F-AD55-4AB3-8566-F804775E02B3}"
EndProject
Project("{FAE04EC0-301F-11D3-BF4B-00C04F79EFBC}") = "LayoutSwapper", "Components\LayoutSwapper\LayoutSwapper.csproj", "{FF6C0A0B-BC6C-43D5-B218-3429C508AC66}"
EndProject
Global
	GlobalSection(SolutionConfigurationPlatforms) = preSolution
		Debug|Any CPU = Debug|Any CPU
		Release|Any CPU = Release|Any CPU
	EndGlobalSection
	GlobalSection(ProjectConfigurationPlatforms) = postSolution
		{2B087F2F-AD55-4AB3-8566-F804775E02B3}.Debug|Any CPU.ActiveCfg = Debug|Any CPU
		{2B087F2F-AD55-4AB3-8566-F804775E02B3}.Debug|Any CPU.Build.0 = Debug|Any CPU
		{2B087F2F-AD55-4AB3-8566-F804775E02B3}.Release|Any CPU.ActiveCfg = Release|Any CPU
		{2B087F2F-AD55-4AB3-8566-F804775E02B3}.Release|Any CPU.Build.0 = Release|Any CPU
		{FF6C0A0B-BC6C-43D5-B218-3429C508AC66}.Debug|Any CPU.ActiveCfg = Debug|Any CPU
		{FF6C0A0B-BC6C-43D5-B218-3429C508AC66}.Debug|Any CPU.Build.0 = Debug|Any CPU
		{FF6C0A0B-BC6C-43D5-B218-3429C508AC66}.Release|Any CPU.ActiveCfg = Release|Any CPU
		{FF6C0A0B-BC6C-43D5-B218-3429C508AC66}.Release|Any CPU.Build.0 = Release|Any CPU
	EndGlobalSection
	GlobalSection(SolutionProperties) = preSolution
		HideSolutionNode = FALSE
	EndGlobalSection
	GlobalSection(ExtensibilityGlobals) = postSolution
		SolutionGuid = {767E7925-2C1A-4DBD-9E4B-3F8F4D74AC81}
	EndGlobalSection
EndGlobal
